
Microsoft Visual Studio Solution File, Format Version 12.00
# Visual Studio Version 16
VisualStudioVersion = 16.0.31624.102
MinimumVisualStudioVersion = 10.0.40219.1
Project("{FAE04EC0-301F-11D3-BF4B-00C04F79EFBC}") = "Demo_Ankara2", "Demo_Ankara2\Demo_Ankara2.csproj", "{0E5F5448-C896-4036-96E0-ED99BCB8E0DE}"
EndProject
Global
	GlobalSection(SolutionConfigurationPlatforms) = preSolution
		Debug|Any CPU = Debug|Any CPU
		Release|Any CPU = Release|Any CPU
	EndGlobalSection
	GlobalSection(ProjectConfigurationPlatforms) = postSolution
		{0E5F5448-C896-4036-96E0-ED99BCB8E0DE}.Debug|Any CPU.ActiveCfg = Debug|Any CPU
		{0E5F5448-C896-4036-96E0-ED99BCB8E0DE}.Debug|Any CPU.Build.0 = Debug|Any CPU
		{0E5F5448-C896-4036-96E0-ED99BCB8E0DE}.Release|Any CPU.ActiveCfg = Release|Any CPU
		{0E5F5448-C896-4036-96E0-ED99BCB8E0DE}.Release|Any CPU.Build.0 = Release|Any CPU
	EndGlobalSection
	GlobalSection(SolutionProperties) = preSolution
		HideSolutionNode = FALSE
	EndGlobalSection
	GlobalSection(ExtensibilityGlobals) = postSolution
		SolutionGuid = {14EE9063-5612-4B83-844C-8117C7329EF5}
	EndGlobalSection
EndGlobal
